
Microsoft Visual Studio Solution File, Format Version 12.00
# Visual Studio Version 16
VisualStudioVersion = 16.0.29926.136
MinimumVisualStudioVersion = 10.0.40219.1
Project("{FAE04EC0-301F-11D3-BF4B-00C04F79EFBC}") = "videoPlayerApp", "videoPlayerApp.csproj", "{201808E2-0736-4082-9BFB-5BF8EB6957A1}"
EndProject
Global
	GlobalSection(SolutionConfigurationPlatforms) = preSolution
		Debug|Any CPU = Debug|Any CPU
		Release|Any CPU = Release|Any CPU
	EndGlobalSection
	GlobalSection(ProjectConfigurationPlatforms) = postSolution
		{201808E2-0736-4082-9BFB-5BF8EB6957A1}.Debug|Any CPU.ActiveCfg = Debug|Any CPU
		{201808E2-0736-4082-9BFB-5BF8EB6957A1}.Debug|Any CPU.Build.0 = Debug|Any CPU
		{201808E2-0736-4082-9BFB-5BF8EB6957A1}.Release|Any CPU.ActiveCfg = Release|Any CPU
		{201808E2-0736-4082-9BFB-5BF8EB6957A1}.Release|Any CPU.Build.0 = Release|Any CPU
	EndGlobalSection
	GlobalSection(SolutionProperties) = preSolution
		HideSolutionNode = FALSE
	EndGlobalSection
	GlobalSection(ExtensibilityGlobals) = postSolution
		SolutionGuid = {91226906-94CC-4A62-854B-1A834BA1D9D0}
	EndGlobalSection
EndGlobal
